
Microsoft Visual Studio Solution File, Format Version 11.00
# Visual Studio 2010
Project("{FAE04EC0-301F-11D3-BF4B-00C04F79EFBC}") = "AI_Project", "AI_Project\AI_Project.csproj", "{BD7345FD-4D2D-4A04-A1AC-8776CF5DFFC7}"
EndProject
Global
	GlobalSection(SolutionConfigurationPlatforms) = preSolution
		Debug|x86 = Debug|x86
		Release|x86 = Release|x86
	EndGlobalSection
	GlobalSection(ProjectConfigurationPlatforms) = postSolution
		{BD7345FD-4D2D-4A04-A1AC-8776CF5DFFC7}.Debug|x86.ActiveCfg = Debug|x86
		{BD7345FD-4D2D-4A04-A1AC-8776CF5DFFC7}.Debug|x86.Build.0 = Debug|x86
		{BD7345FD-4D2D-4A04-A1AC-8776CF5DFFC7}.Release|x86.ActiveCfg = Release|x86
		{BD7345FD-4D2D-4A04-A1AC-8776CF5DFFC7}.Release|x86.Build.0 = Release|x86
	EndGlobalSection
	GlobalSection(SolutionProperties) = preSolution
		HideSolutionNode = FALSE
	EndGlobalSection
EndGlobal
